
Microsoft Visual Studio Solution File, Format Version 12.00
# Visual Studio 15
VisualStudioVersion = 15.0.28307.779
MinimumVisualStudioVersion = 10.0.40219.1
Project("{FAE04EC0-301F-11D3-BF4B-00C04F79EFBC}") = "Lesson 06 DSA", "Lesson 06 DSA\Lesson 06 DSA.csproj", "{87CFD3B3-005F-44A3-812B-70E6A5C998F0}"
EndProject
Global
	GlobalSection(SolutionConfigurationPlatforms) = preSolution
		Debug|Any CPU = Debug|Any CPU
		Release|Any CPU = Release|Any CPU
	EndGlobalSection
	GlobalSection(ProjectConfigurationPlatforms) = postSolution
		{87CFD3B3-005F-44A3-812B-70E6A5C998F0}.Debug|Any CPU.ActiveCfg = Debug|Any CPU
		{87CFD3B3-005F-44A3-812B-70E6A5C998F0}.Debug|Any CPU.Build.0 = Debug|Any CPU
		{87CFD3B3-005F-44A3-812B-70E6A5C998F0}.Release|Any CPU.ActiveCfg = Release|Any CPU
		{87CFD3B3-005F-44A3-812B-70E6A5C998F0}.Release|Any CPU.Build.0 = Release|Any CPU
	EndGlobalSection
	GlobalSection(SolutionProperties) = preSolution
		HideSolutionNode = FALSE
	EndGlobalSection
	GlobalSection(ExtensibilityGlobals) = postSolution
		SolutionGuid = {6A9E3450-75A1-45ED-9EE8-669044CA648A}
	EndGlobalSection
EndGlobal
